// !$*UTF8*$!
{
	archiveVersion = 1;
	classes = {
	};
	objectVersion = 56;
	objects = {

/* Begin PBXBuildFile section */
		6D5473332BBFDA870011A6B4 /* AfricaApp.swift in Sources */ = {isa = PBXBuildFile; fileRef = 6D5473322BBFDA870011A6B4 /* AfricaApp.swift */; };
		6D5473352BBFDA870011A6B4 /* ContentView.swift in Sources */ = {isa = PBXBuildFile; fileRef = 6D5473342BBFDA870011A6B4 /* ContentView.swift */; };
		6D5473372BBFDA880011A6B4 /* Assets.xcassets in Resources */ = {isa = PBXBuildFile; fileRef = 6D5473362BBFDA880011A6B4 /* Assets.xcassets */; };
		6D54733A2BBFDA880011A6B4 /* Preview Assets.xcassets in Resources */ = {isa = PBXBuildFile; fileRef = 6D5473392BBFDA880011A6B4 /* Preview Assets.xcassets */; };
		6D54734B2BBFDDAE0011A6B4 /* lioness.mp4 in Resources */ = {isa = PBXBuildFile; fileRef = 6D5473412BBFDDAC0011A6B4 /* lioness.mp4 */; };
		6D54734C2BBFDDAE0011A6B4 /* lion.mp4 in Resources */ = {isa = PBXBuildFile; fileRef = 6D5473422BBFDDAC0011A6B4 /* lion.mp4 */; };
		6D54734D2BBFDDAE0011A6B4 /* elephant.mp4 in Resources */ = {isa = PBXBuildFile; fileRef = 6D5473432BBFDDAC0011A6B4 /* elephant.mp4 */; };
		6D54734E2BBFDDAE0011A6B4 /* hippo.mp4 in Resources */ = {isa = PBXBuildFile; fileRef = 6D5473442BBFDDAC0011A6B4 /* hippo.mp4 */; };
		6D54734F2BBFDDAE0011A6B4 /* ostrich.mp4 in Resources */ = {isa = PBXBuildFile; fileRef = 6D5473452BBFDDAD0011A6B4 /* ostrich.mp4 */; };
		6D5473502BBFDDAE0011A6B4 /* cheetah.mp4 in Resources */ = {isa = PBXBuildFile; fileRef = 6D5473462BBFDDAD0011A6B4 /* cheetah.mp4 */; };
		6D5473512BBFDDAE0011A6B4 /* rhino.mp4 in Resources */ = {isa = PBXBuildFile; fileRef = 6D5473472BBFDDAD0011A6B4 /* rhino.mp4 */; };
		6D5473522BBFDDAE0011A6B4 /* gorilla.mp4 in Resources */ = {isa = PBXBuildFile; fileRef = 6D5473482BBFDDAD0011A6B4 /* gorilla.mp4 */; };
		6D5473532BBFDDAE0011A6B4 /* zebra.mp4 in Resources */ = {isa = PBXBuildFile; fileRef = 6D5473492BBFDDAD0011A6B4 /* zebra.mp4 */; };
		6D5473542BBFDDAE0011A6B4 /* giraffe.mp4 in Resources */ = {isa = PBXBuildFile; fileRef = 6D54734A2BBFDDAE0011A6B4 /* giraffe.mp4 */; };
		6D54735A2BBFDDFC0011A6B4 /* animals.json in Resources */ = {isa = PBXBuildFile; fileRef = 6D5473562BBFDDFC0011A6B4 /* animals.json */; };
		6D54735B2BBFDDFC0011A6B4 /* locations.json in Resources */ = {isa = PBXBuildFile; fileRef = 6D5473572BBFDDFC0011A6B4 /* locations.json */; };
		6D54735C2BBFDDFC0011A6B4 /* videos.json in Resources */ = {isa = PBXBuildFile; fileRef = 6D5473582BBFDDFC0011A6B4 /* videos.json */; };
		6D54735D2BBFDDFC0011A6B4 /* covers.json in Resources */ = {isa = PBXBuildFile; fileRef = 6D5473592BBFDDFC0011A6B4 /* covers.json */; };
		6D5473622BBFE0570011A6B4 /* VideoListView.swift in Sources */ = {isa = PBXBuildFile; fileRef = 6D5473612BBFE0570011A6B4 /* VideoListView.swift */; };
		6D5473642BBFE0680011A6B4 /* MapView.swift in Sources */ = {isa = PBXBuildFile; fileRef = 6D5473632BBFE0680011A6B4 /* MapView.swift */; };
		6D5473662BBFE07E0011A6B4 /* GalleryView.swift in Sources */ = {isa = PBXBuildFile; fileRef = 6D5473652BBFE07E0011A6B4 /* GalleryView.swift */; };
		6D5473682BBFE09B0011A6B4 /* MainView.swift in Sources */ = {isa = PBXBuildFile; fileRef = 6D5473672BBFE09B0011A6B4 /* MainView.swift */; };
		6D54736A2BBFE3400011A6B4 /* CoverImageView.swift in Sources */ = {isa = PBXBuildFile; fileRef = 6D5473692BBFE3400011A6B4 /* CoverImageView.swift */; };
		6D54736D2BBFF7550011A6B4 /* CoverImageModel.swift in Sources */ = {isa = PBXBuildFile; fileRef = 6D54736C2BBFF7550011A6B4 /* CoverImageModel.swift */; };
		6D5473702BBFFA570011A6B4 /* CodableBundleExtension.swift in Sources */ = {isa = PBXBuildFile; fileRef = 6D54736F2BBFFA570011A6B4 /* CodableBundleExtension.swift */; };
		6D5473722BC0068C0011A6B4 /* AnimalViewModel.swift in Sources */ = {isa = PBXBuildFile; fileRef = 6D5473712BC0068C0011A6B4 /* AnimalViewModel.swift */; };
		6D5473742BC008200011A6B4 /* AnimalListItemView.swift in Sources */ = {isa = PBXBuildFile; fileRef = 6D5473732BC008200011A6B4 /* AnimalListItemView.swift */; };
		6D5473762BC010BA0011A6B4 /* AnimalDetailView.swift in Sources */ = {isa = PBXBuildFile; fileRef = 6D5473752BC010BA0011A6B4 /* AnimalDetailView.swift */; };
		6D5473782BC012E60011A6B4 /* HeadingView.swift in Sources */ = {isa = PBXBuildFile; fileRef = 6D5473772BC012E60011A6B4 /* HeadingView.swift */; };
		6DBD3A0B2BC3CEE9000CB0D4 /* InsetGalleryView.swift in Sources */ = {isa = PBXBuildFile; fileRef = 6DBD3A0A2BC3CEE9000CB0D4 /* InsetGalleryView.swift */; };
		6DBD3A0D2BC3CFBA000CB0D4 /* InsetFactView.swift in Sources */ = {isa = PBXBuildFile; fileRef = 6DBD3A0C2BC3CFBA000CB0D4 /* InsetFactView.swift */; };
		6DBD3A0F2BC3D604000CB0D4 /* ExternalWeblinkView.swift in Sources */ = {isa = PBXBuildFile; fileRef = 6DBD3A0E2BC3D604000CB0D4 /* ExternalWeblinkView.swift */; };
		6DBD3A112BC3D6B1000CB0D4 /* InsetMapView.swift in Sources */ = {isa = PBXBuildFile; fileRef = 6DBD3A102BC3D6B1000CB0D4 /* InsetMapView.swift */; };
		6DBD3A132BC3E400000CB0D4 /* VideoModel.swift in Sources */ = {isa = PBXBuildFile; fileRef = 6DBD3A122BC3E400000CB0D4 /* VideoModel.swift */; };
		6DBD3A172BC3E55C000CB0D4 /* VideoListItemView.swift in Sources */ = {isa = PBXBuildFile; fileRef = 6DBD3A162BC3E55C000CB0D4 /* VideoListItemView.swift */; };
		6DBD3A192BC3F313000CB0D4 /* VideoPlayerView.swift in Sources */ = {isa = PBXBuildFile; fileRef = 6DBD3A182BC3F313000CB0D4 /* VideoPlayerView.swift */; };
		6DBD3A1C2BC3F498000CB0D4 /* VideoPlayerUtility.swift in Sources */ = {isa = PBXBuildFile; fileRef = 6DBD3A1B2BC3F498000CB0D4 /* VideoPlayerUtility.swift */; };
		6DBD3A1E2BC3F851000CB0D4 /* LocationModal.swift in Sources */ = {isa = PBXBuildFile; fileRef = 6DBD3A1D2BC3F851000CB0D4 /* LocationModal.swift */; };
		6DBD3A202BC40136000CB0D4 /* MapAnnotationView.swift in Sources */ = {isa = PBXBuildFile; fileRef = 6DBD3A1F2BC40136000CB0D4 /* MapAnnotationView.swift */; };
		6DBD3A222BC405A6000CB0D4 /* MotionAnimationView.swift in Sources */ = {isa = PBXBuildFile; fileRef = 6DBD3A212BC405A6000CB0D4 /* MotionAnimationView.swift */; };
/* End PBXBuildFile section */

/* Begin PBXFileReference section */
		6D54732F2BBFDA870011A6B4 /* Africa.app */ = {isa = PBXFileReference; explicitFileType = wrapper.application; includeInIndex = 0; path = Africa.app; sourceTree = BUILT_PRODUCTS_DIR; };
		6D5473322BBFDA870011A6B4 /* AfricaApp.swift */ = {isa = PBXFileReference; lastKnownFileType = sourcecode.swift; path = AfricaApp.swift; sourceTree = "<group>"; };
		6D5473342BBFDA870011A6B4 /* ContentView.swift */ = {isa = PBXFileReference; lastKnownFileType = sourcecode.swift; path = ContentView.swift; sourceTree = "<group>"; };
		6D5473362BBFDA880011A6B4 /* Assets.xcassets */ = {isa = PBXFileReference; lastKnownFileType = folder.assetcatalog; path = Assets.xcassets; sourceTree = "<group>"; };
		6D5473392BBFDA880011A6B4 /* Preview Assets.xcassets */ = {isa = PBXFileReference; lastKnownFileType = folder.assetcatalog; path = "Preview Assets.xcassets"; sourceTree = "<group>"; };
		6D5473412BBFDDAC0011A6B4 /* lioness.mp4 */ = {isa = PBXFileReference; lastKnownFileType = file; path = lioness.mp4; sourceTree = "<group>"; };
		6D5473422BBFDDAC0011A6B4 /* lion.mp4 */ = {isa = PBXFileReference; lastKnownFileType = file; path = lion.mp4; sourceTree = "<group>"; };
		6D5473432BBFDDAC0011A6B4 /* elephant.mp4 */ = {isa = PBXFileReference; lastKnownFileType = file; path = elephant.mp4; sourceTree = "<group>"; };
		6D5473442BBFDDAC0011A6B4 /* hippo.mp4 */ = {isa = PBXFileReference; lastKnownFileType = file; path = hippo.mp4; sourceTree = "<group>"; };
		6D5473452BBFDDAD0011A6B4 /* ostrich.mp4 */ = {isa = PBXFileReference; lastKnownFileType = file; path = ostrich.mp4; sourceTree = "<group>"; };
		6D5473462BBFDDAD0011A6B4 /* cheetah.mp4 */ = {isa = PBXFileReference; lastKnownFileType = file; path = cheetah.mp4; sourceTree = "<group>"; };
		6D5473472BBFDDAD0011A6B4 /* rhino.mp4 */ = {isa = PBXFileReference; lastKnownFileType = file; path = rhino.mp4; sourceTree = "<group>"; };
		6D5473482BBFDDAD0011A6B4 /* gorilla.mp4 */ = {isa = PBXFileReference; lastKnownFileType = file; path = gorilla.mp4; sourceTree = "<group>"; };
		6D5473492BBFDDAD0011A6B4 /* zebra.mp4 */ = {isa = PBXFileReference; lastKnownFileType = file; path = zebra.mp4; sourceTree = "<group>"; };
		6D54734A2BBFDDAE0011A6B4 /* giraffe.mp4 */ = {isa = PBXFileReference; lastKnownFileType = file; path = giraffe.mp4; sourceTree = "<group>"; };
		6D5473562BBFDDFC0011A6B4 /* animals.json */ = {isa = PBXFileReference; fileEncoding = 4; lastKnownFileType = text.json; path = animals.json; sourceTree = "<group>"; };
		6D5473572BBFDDFC0011A6B4 /* locations.json */ = {isa = PBXFileReference; fileEncoding = 4; lastKnownFileType = text.json; path = locations.json; sourceTree = "<group>"; };
		6D5473582BBFDDFC0011A6B4 /* videos.json */ = {isa = PBXFileReference; fileEncoding = 4; lastKnownFileType = text.json; path = videos.json; sourceTree = "<group>"; };
		6D5473592BBFDDFC0011A6B4 /* covers.json */ = {isa = PBXFileReference; fileEncoding = 4; lastKnownFileType = text.json; path = covers.json; sourceTree = "<group>"; };
		6D54735E2BBFDEE20011A6B4 /* Info.plist */ = {isa = PBXFileReference; lastKnownFileType = text.plist; path = Info.plist; sourceTree = "<group>"; };
		6D5473612BBFE0570011A6B4 /* VideoListView.swift */ = {isa = PBXFileReference; lastKnownFileType = sourcecode.swift; path = VideoListView.swift; sourceTree = "<group>"; };
		6D5473632BBFE0680011A6B4 /* MapView.swift */ = {isa = PBXFileReference; lastKnownFileType = sourcecode.swift; path = MapView.swift; sourceTree = "<group>"; };
		6D5473652BBFE07E0011A6B4 /* GalleryView.swift */ = {isa = PBXFileReference; lastKnownFileType = sourcecode.swift; path = GalleryView.swift; sourceTree = "<group>"; };
		6D5473672BBFE09B0011A6B4 /* MainView.swift */ = {isa = PBXFileReference; lastKnownFileType = sourcecode.swift; path = MainView.swift; sourceTree = "<group>"; };
		6D5473692BBFE3400011A6B4 /* CoverImageView.swift */ = {isa = PBXFileReference; lastKnownFileType = sourcecode.swift; path = CoverImageView.swift; sourceTree = "<group>"; };
		6D54736C2BBFF7550011A6B4 /* CoverImageModel.swift */ = {isa = PBXFileReference; lastKnownFileType = sourcecode.swift; path = CoverImageModel.swift; sourceTree = "<group>"; };
		6D54736F2BBFFA570011A6B4 /* CodableBundleExtension.swift */ = {isa = PBXFileReference; lastKnownFileType = sourcecode.swift; path = CodableBundleExtension.swift; sourceTree = "<group>"; };
		6D5473712BC0068C0011A6B4 /* AnimalViewModel.swift */ = {isa = PBXFileReference; lastKnownFileType = sourcecode.swift; path = AnimalViewModel.swift; sourceTree = "<group>"; };
		6D5473732BC008200011A6B4 /* AnimalListItemView.swift */ = {isa = PBXFileReference; lastKnownFileType = sourcecode.swift; path = AnimalListItemView.swift; sourceTree = "<group>"; };
		6D5473752BC010BA0011A6B4 /* AnimalDetailView.swift */ = {isa = PBXFileReference; lastKnownFileType = sourcecode.swift; path = AnimalDetailView.swift; sourceTree = "<group>"; };
		6D5473772BC012E60011A6B4 /* HeadingView.swift */ = {isa = PBXFileReference; lastKnownFileType = sourcecode.swift; path = HeadingView.swift; sourceTree = "<group>"; };
		6DBD3A0A2BC3CEE9000CB0D4 /* InsetGalleryView.swift */ = {isa = PBXFileReference; lastKnownFileType = sourcecode.swift; path = InsetGalleryView.swift; sourceTree = "<group>"; };
		6DBD3A0C2BC3CFBA000CB0D4 /* InsetFactView.swift */ = {isa = PBXFileReference; lastKnownFileType = sourcecode.swift; path = InsetFactView.swift; sourceTree = "<group>"; };
		6DBD3A0E2BC3D604000CB0D4 /* ExternalWeblinkView.swift */ = {isa = PBXFileReference; lastKnownFileType = sourcecode.swift; path = ExternalWeblinkView.swift; sourceTree = "<group>"; };
		6DBD3A102BC3D6B1000CB0D4 /* InsetMapView.swift */ = {isa = PBXFileReference; lastKnownFileType = sourcecode.swift; path = InsetMapView.swift; sourceTree = "<group>"; };
		6DBD3A122BC3E400000CB0D4 /* VideoModel.swift */ = {isa = PBXFileReference; lastKnownFileType = sourcecode.swift; path = VideoModel.swift; sourceTree = "<group>"; };
		6DBD3A162BC3E55C000CB0D4 /* VideoListItemView.swift */ = {isa = PBXFileReference; lastKnownFileType = sourcecode.swift; path = VideoListItemView.swift; sourceTree = "<group>"; };
		6DBD3A182BC3F313000CB0D4 /* VideoPlayerView.swift */ = {isa = PBXFileReference; lastKnownFileType = sourcecode.swift; path = VideoPlayerView.swift; sourceTree = "<group>"; };
		6DBD3A1B2BC3F498000CB0D4 /* VideoPlayerUtility.swift */ = {isa = PBXFileReference; lastKnownFileType = sourcecode.swift; path = VideoPlayerUtility.swift; sourceTree = "<group>"; };
		6DBD3A1D2BC3F851000CB0D4 /* LocationModal.swift */ = {isa = PBXFileReference; lastKnownFileType = sourcecode.swift; path = LocationModal.swift; sourceTree = "<group>"; };
		6DBD3A1F2BC40136000CB0D4 /* MapAnnotationView.swift */ = {isa = PBXFileReference; lastKnownFileType = sourcecode.swift; path = MapAnnotationView.swift; sourceTree = "<group>"; };
		6DBD3A212BC405A6000CB0D4 /* MotionAnimationView.swift */ = {isa = PBXFileReference; lastKnownFileType = sourcecode.swift; path = MotionAnimationView.swift; sourceTree = "<group>"; };
/* End PBXFileReference section */

/* Begin PBXFrameworksBuildPhase section */
		6D54732C2BBFDA870011A6B4 /* Frameworks */ = {
			isa = PBXFrameworksBuildPhase;
			buildActionMask = 2147483647;
			files = (
			);
			runOnlyForDeploymentPostprocessing = 0;
		};
/* End PBXFrameworksBuildPhase section */

/* Begin PBXGroup section */
		6D5473262BBFDA870011A6B4 = {
			isa = PBXGroup;
			children = (
				6D5473312BBFDA870011A6B4 /* Africa */,
				6D5473302BBFDA870011A6B4 /* Products */,
			);
			sourceTree = "<group>";
		};
		6D5473302BBFDA870011A6B4 /* Products */ = {
			isa = PBXGroup;
			children = (
				6D54732F2BBFDA870011A6B4 /* Africa.app */,
			);
			name = Products;
			sourceTree = "<group>";
		};
		6D5473312BBFDA870011A6B4 /* Africa */ = {
			isa = PBXGroup;
			children = (
				6DBD3A1A2BC3F47D000CB0D4 /* Utility */,
				6D54736E2BBFFA440011A6B4 /* Extension */,
				6D54736B2BBFF7340011A6B4 /* Model */,
				6D5473602BBFDFD60011A6B4 /* View */,
				6D54735E2BBFDEE20011A6B4 /* Info.plist */,
				6D5473552BBFDDE40011A6B4 /* Data */,
				6D5473402BBFDD630011A6B4 /* Video */,
				6D54735F2BBFDFC20011A6B4 /* App */,
				6D5473362BBFDA880011A6B4 /* Assets.xcassets */,
				6D5473382BBFDA880011A6B4 /* Preview Content */,
			);
			path = Africa;
			sourceTree = "<group>";
		};
		6D5473382BBFDA880011A6B4 /* Preview Content */ = {
			isa = PBXGroup;
			children = (
				6D5473392BBFDA880011A6B4 /* Preview Assets.xcassets */,
			);
			path = "Preview Content";
			sourceTree = "<group>";
		};
		6D5473402BBFDD630011A6B4 /* Video */ = {
			isa = PBXGroup;
			children = (
				6D5473462BBFDDAD0011A6B4 /* cheetah.mp4 */,
				6D5473432BBFDDAC0011A6B4 /* elephant.mp4 */,
				6D54734A2BBFDDAE0011A6B4 /* giraffe.mp4 */,
				6D5473482BBFDDAD0011A6B4 /* gorilla.mp4 */,
				6D5473442BBFDDAC0011A6B4 /* hippo.mp4 */,
				6D5473422BBFDDAC0011A6B4 /* lion.mp4 */,
				6D5473412BBFDDAC0011A6B4 /* lioness.mp4 */,
				6D5473452BBFDDAD0011A6B4 /* ostrich.mp4 */,
				6D5473472BBFDDAD0011A6B4 /* rhino.mp4 */,
				6D5473492BBFDDAD0011A6B4 /* zebra.mp4 */,
			);
			path = Video;
			sourceTree = "<group>";
		};
		6D5473552BBFDDE40011A6B4 /* Data */ = {
			isa = PBXGroup;
			children = (
				6D5473562BBFDDFC0011A6B4 /* animals.json */,
				6D5473592BBFDDFC0011A6B4 /* covers.json */,
				6D5473572BBFDDFC0011A6B4 /* locations.json */,
				6D5473582BBFDDFC0011A6B4 /* videos.json */,
			);
			path = Data;
			sourceTree = "<group>";
		};
		6D54735F2BBFDFC20011A6B4 /* App */ = {
			isa = PBXGroup;
			children = (
				6D5473322BBFDA870011A6B4 /* AfricaApp.swift */,
				6D5473342BBFDA870011A6B4 /* ContentView.swift */,
				6D5473612BBFE0570011A6B4 /* VideoListView.swift */,
				6D5473632BBFE0680011A6B4 /* MapView.swift */,
				6D5473652BBFE07E0011A6B4 /* GalleryView.swift */,
				6D5473672BBFE09B0011A6B4 /* MainView.swift */,
			);
			path = App;
			sourceTree = "<group>";
		};
		6D5473602BBFDFD60011A6B4 /* View */ = {
			isa = PBXGroup;
			children = (
				6D5473692BBFE3400011A6B4 /* CoverImageView.swift */,
				6D5473732BC008200011A6B4 /* AnimalListItemView.swift */,
				6D5473752BC010BA0011A6B4 /* AnimalDetailView.swift */,
				6D5473772BC012E60011A6B4 /* HeadingView.swift */,
				6DBD3A0A2BC3CEE9000CB0D4 /* InsetGalleryView.swift */,
				6DBD3A0C2BC3CFBA000CB0D4 /* InsetFactView.swift */,
				6DBD3A0E2BC3D604000CB0D4 /* ExternalWeblinkView.swift */,
				6DBD3A102BC3D6B1000CB0D4 /* InsetMapView.swift */,
				6DBD3A162BC3E55C000CB0D4 /* VideoListItemView.swift */,
				6DBD3A182BC3F313000CB0D4 /* VideoPlayerView.swift */,
				6DBD3A1F2BC40136000CB0D4 /* MapAnnotationView.swift */,
				6DBD3A212BC405A6000CB0D4 /* MotionAnimationView.swift */,
			);
			path = View;
			sourceTree = "<group>";
		};
		6D54736B2BBFF7340011A6B4 /* Model */ = {
			isa = PBXGroup;
			children = (
				6D54736C2BBFF7550011A6B4 /* CoverImageModel.swift */,
				6D5473712BC0068C0011A6B4 /* AnimalViewModel.swift */,
				6DBD3A122BC3E400000CB0D4 /* VideoModel.swift */,
				6DBD3A1D2BC3F851000CB0D4 /* LocationModal.swift */,
			);
			path = Model;
			sourceTree = "<group>";
		};
		6D54736E2BBFFA440011A6B4 /* Extension */ = {
			isa = PBXGroup;
			children = (
				6D54736F2BBFFA570011A6B4 /* CodableBundleExtension.swift */,
			);
			path = Extension;
			sourceTree = "<group>";
		};
		6DBD3A1A2BC3F47D000CB0D4 /* Utility */ = {
			isa = PBXGroup;
			children = (
				6DBD3A1B2BC3F498000CB0D4 /* VideoPlayerUtility.swift */,
			);
			path = Utility;
			sourceTree = "<group>";
		};
/* End PBXGroup section */

/* Begin PBXNativeTarget section */
		6D54732E2BBFDA870011A6B4 /* Africa */ = {
			isa = PBXNativeTarget;
			buildConfigurationList = 6D54733D2BBFDA880011A6B4 /* Build configuration list for PBXNativeTarget "Africa" */;
			buildPhases = (
				6D54732B2BBFDA870011A6B4 /* Sources */,
				6D54732C2BBFDA870011A6B4 /* Frameworks */,
				6D54732D2BBFDA870011A6B4 /* Resources */,
			);
			buildRules = (
			);
			dependencies = (
			);
			name = Africa;
			productName = Africa;
			productReference = 6D54732F2BBFDA870011A6B4 /* Africa.app */;
			productType = "com.apple.product-type.application";
		};
/* End PBXNativeTarget section */

/* Begin PBXProject section */
		6D5473272BBFDA870011A6B4 /* Project object */ = {
			isa = PBXProject;
			attributes = {
				BuildIndependentTargetsInParallel = 1;
				LastSwiftUpdateCheck = 1530;
				LastUpgradeCheck = 1530;
				TargetAttributes = {
					6D54732E2BBFDA870011A6B4 = {
						CreatedOnToolsVersion = 15.3;
					};
				};
			};
			buildConfigurationList = 6D54732A2BBFDA870011A6B4 /* Build configuration list for PBXProject "Africa" */;
			compatibilityVersion = "Xcode 14.0";
			developmentRegion = en;
			hasScannedForEncodings = 0;
			knownRegions = (
				en,
				Base,
			);
			mainGroup = 6D5473262BBFDA870011A6B4;
			productRefGroup = 6D5473302BBFDA870011A6B4 /* Products */;
			projectDirPath = "";
			projectRoot = "";
			targets = (
				6D54732E2BBFDA870011A6B4 /* Africa */,
			);
		};
/* End PBXProject section */

/* Begin PBXResourcesBuildPhase section */
		6D54732D2BBFDA870011A6B4 /* Resources */ = {
			isa = PBXResourcesBuildPhase;
			buildActionMask = 2147483647;
			files = (
				6D54735B2BBFDDFC0011A6B4 /* locations.json in Resources */,
				6D54733A2BBFDA880011A6B4 /* Preview Assets.xcassets in Resources */,
				6D54735C2BBFDDFC0011A6B4 /* videos.json in Resources */,
				6D54734F2BBFDDAE0011A6B4 /* ostrich.mp4 in Resources */,
				6D5473542BBFDDAE0011A6B4 /* giraffe.mp4 in Resources */,
				6D54735D2BBFDDFC0011A6B4 /* covers.json in Resources */,
				6D5473522BBFDDAE0011A6B4 /* gorilla.mp4 in Resources */,
				6D54734C2BBFDDAE0011A6B4 /* lion.mp4 in Resources */,
				6D5473512BBFDDAE0011A6B4 /* rhino.mp4 in Resources */,
				6D5473372BBFDA880011A6B4 /* Assets.xcassets in Resources */,
				6D54735A2BBFDDFC0011A6B4 /* animals.json in Resources */,
				6D5473532BBFDDAE0011A6B4 /* zebra.mp4 in Resources */,
				6D5473502BBFDDAE0011A6B4 /* cheetah.mp4 in Resources */,
				6D54734D2BBFDDAE0011A6B4 /* elephant.mp4 in Resources */,
				6D54734E2BBFDDAE0011A6B4 /* hippo.mp4 in Resources */,
				6D54734B2BBFDDAE0011A6B4 /* lioness.mp4 in Resources */,
			);
			runOnlyForDeploymentPostprocessing = 0;
		};
/* End PBXResourcesBuildPhase section */

/* Begin PBXSourcesBuildPhase section */
		6D54732B2BBFDA870011A6B4 /* Sources */ = {
			isa = PBXSourcesBuildPhase;
			buildActionMask = 2147483647;
			files = (
				6DBD3A172BC3E55C000CB0D4 /* VideoListItemView.swift in Sources */,
				6D5473742BC008200011A6B4 /* AnimalListItemView.swift in Sources */,
				6D5473352BBFDA870011A6B4 /* ContentView.swift in Sources */,
				6D5473682BBFE09B0011A6B4 /* MainView.swift in Sources */,
				6DBD3A0D2BC3CFBA000CB0D4 /* InsetFactView.swift in Sources */,
				6D54736A2BBFE3400011A6B4 /* CoverImageView.swift in Sources */,
				6D54736D2BBFF7550011A6B4 /* CoverImageModel.swift in Sources */,
				6D5473762BC010BA0011A6B4 /* AnimalDetailView.swift in Sources */,
				6D5473642BBFE0680011A6B4 /* MapView.swift in Sources */,
				6D5473332BBFDA870011A6B4 /* AfricaApp.swift in Sources */,
				6D5473622BBFE0570011A6B4 /* VideoListView.swift in Sources */,
				6D5473662BBFE07E0011A6B4 /* GalleryView.swift in Sources */,
				6DBD3A1C2BC3F498000CB0D4 /* VideoPlayerUtility.swift in Sources */,
				6DBD3A202BC40136000CB0D4 /* MapAnnotationView.swift in Sources */,
				6D5473722BC0068C0011A6B4 /* AnimalViewModel.swift in Sources */,
				6DBD3A0B2BC3CEE9000CB0D4 /* InsetGalleryView.swift in Sources */,
				6DBD3A132BC3E400000CB0D4 /* VideoModel.swift in Sources */,
				6DBD3A1E2BC3F851000CB0D4 /* LocationModal.swift in Sources */,
				6D5473702BBFFA570011A6B4 /* CodableBundleExtension.swift in Sources */,
				6DBD3A112BC3D6B1000CB0D4 /* InsetMapView.swift in Sources */,
				6DBD3A0F2BC3D604000CB0D4 /* ExternalWeblinkView.swift in Sources */,
				6DBD3A222BC405A6000CB0D4 /* MotionAnimationView.swift in Sources */,
				6D5473782BC012E60011A6B4 /* HeadingView.swift in Sources */,
				6DBD3A192BC3F313000CB0D4 /* VideoPlayerView.swift in Sources */,
			);
			runOnlyForDeploymentPostprocessing = 0;
		};
/* End PBXSourcesBuildPhase section */

/* Begin XCBuildConfiguration section */
		6D54733B2BBFDA880011A6B4 /* Debug */ = {
			isa = XCBuildConfiguration;
			buildSettings = {
				ALWAYS_SEARCH_USER_PATHS = NO;
				ASSETCATALOG_COMPILER_GENERATE_SWIFT_ASSET_SYMBOL_EXTENSIONS = YES;
				CLANG_ANALYZER_NONNULL = YES;
				CLANG_ANALYZER_NUMBER_OBJECT_CONVERSION = YES_AGGRESSIVE;
				CLANG_CXX_LANGUAGE_STANDARD = "gnu++20";
				CLANG_ENABLE_MODULES = YES;
				CLANG_ENABLE_OBJC_ARC = YES;
				CLANG_ENABLE_OBJC_WEAK = YES;
				CLANG_WARN_BLOCK_CAPTURE_AUTORELEASING = YES;
				CLANG_WARN_BOOL_CONVERSION = YES;
				CLANG_WARN_COMMA = YES;
				CLANG_WARN_CONSTANT_CONVERSION = YES;
				CLANG_WARN_DEPRECATED_OBJC_IMPLEMENTATIONS = YES;
				CLANG_WARN_DIRECT_OBJC_ISA_USAGE = YES_ERROR;
				CLANG_WARN_DOCUMENTATION_COMMENTS = YES;
				CLANG_WARN_EMPTY_BODY = YES;
				CLANG_WARN_ENUM_CONVERSION = YES;
				CLANG_WARN_INFINITE_RECURSION = YES;
				CLANG_WARN_INT_CONVERSION = YES;
				CLANG_WARN_NON_LITERAL_NULL_CONVERSION = YES;
				CLANG_WARN_OBJC_IMPLICIT_RETAIN_SELF = YES;
				CLANG_WARN_OBJC_LITERAL_CONVERSION = YES;
				CLANG_WARN_OBJC_ROOT_CLASS = YES_ERROR;
				CLANG_WARN_QUOTED_INCLUDE_IN_FRAMEWORK_HEADER = YES;
				CLANG_WARN_RANGE_LOOP_ANALYSIS = YES;
				CLANG_WARN_STRICT_PROTOTYPES = YES;
				CLANG_WARN_SUSPICIOUS_MOVE = YES;
				CLANG_WARN_UNGUARDED_AVAILABILITY = YES_AGGRESSIVE;
				CLANG_WARN_UNREACHABLE_CODE = YES;
				CLANG_WARN__DUPLICATE_METHOD_MATCH = YES;
				COPY_PHASE_STRIP = NO;
				DEBUG_INFORMATION_FORMAT = dwarf;
				ENABLE_STRICT_OBJC_MSGSEND = YES;
				ENABLE_TESTABILITY = YES;
				ENABLE_USER_SCRIPT_SANDBOXING = YES;
				GCC_C_LANGUAGE_STANDARD = gnu17;
				GCC_DYNAMIC_NO_PIC = NO;
				GCC_NO_COMMON_BLOCKS = YES;
				GCC_OPTIMIZATION_LEVEL = 0;
				GCC_PREPROCESSOR_DEFINITIONS = (
					"DEBUG=1",
					"$(inherited)",
				);
				GCC_WARN_64_TO_32_BIT_CONVERSION = YES;
				GCC_WARN_ABOUT_RETURN_TYPE = YES_ERROR;
				GCC_WARN_UNDECLARED_SELECTOR = YES;
				GCC_WARN_UNINITIALIZED_AUTOS = YES_AGGRESSIVE;
				GCC_WARN_UNUSED_FUNCTION = YES;
				GCC_WARN_UNUSED_VARIABLE = YES;
				IPHONEOS_DEPLOYMENT_TARGET = 17.4;
				LOCALIZATION_PREFERS_STRING_CATALOGS = YES;
				MTL_ENABLE_DEBUG_INFO = INCLUDE_SOURCE;
				MTL_FAST_MATH = YES;
				ONLY_ACTIVE_ARCH = YES;
				SDKROOT = iphoneos;
				SWIFT_ACTIVE_COMPILATION_CONDITIONS = "DEBUG $(inherited)";
				SWIFT_OPTIMIZATION_LEVEL = "-Onone";
			};
			name = Debug;
		};
		6D54733C2BBFDA880011A6B4 /* Release */ = {
			isa = XCBuildConfiguration;
			buildSettings = {
				ALWAYS_SEARCH_USER_PATHS = NO;
				ASSETCATALOG_COMPILER_GENERATE_SWIFT_ASSET_SYMBOL_EXTENSIONS = YES;
				CLANG_ANALYZER_NONNULL = YES;
				CLANG_ANALYZER_NUMBER_OBJECT_CONVERSION = YES_AGGRESSIVE;
				CLANG_CXX_LANGUAGE_STANDARD = "gnu++20";
				CLANG_ENABLE_MODULES = YES;
				CLANG_ENABLE_OBJC_ARC = YES;
				CLANG_ENABLE_OBJC_WEAK = YES;
				CLANG_WARN_BLOCK_CAPTURE_AUTORELEASING = YES;
				CLANG_WARN_BOOL_CONVERSION = YES;
				CLANG_WARN_COMMA = YES;
				CLANG_WARN_CONSTANT_CONVERSION = YES;
				CLANG_WARN_DEPRECATED_OBJC_IMPLEMENTATIONS = YES;
				CLANG_WARN_DIRECT_OBJC_ISA_USAGE = YES_ERROR;
				CLANG_WARN_DOCUMENTATION_COMMENTS = YES;
				CLANG_WARN_EMPTY_BODY = YES;
				CLANG_WARN_ENUM_CONVERSION = YES;
				CLANG_WARN_INFINITE_RECURSION = YES;
				CLANG_WARN_INT_CONVERSION = YES;
				CLANG_WARN_NON_LITERAL_NULL_CONVERSION = YES;
				CLANG_WARN_OBJC_IMPLICIT_RETAIN_SELF = YES;
				CLANG_WARN_OBJC_LITERAL_CONVERSION = YES;
				CLANG_WARN_OBJC_ROOT_CLASS = YES_ERROR;
				CLANG_WARN_QUOTED_INCLUDE_IN_FRAMEWORK_HEADER = YES;
				CLANG_WARN_RANGE_LOOP_ANALYSIS = YES;
				CLANG_WARN_STRICT_PROTOTYPES = YES;
				CLANG_WARN_SUSPICIOUS_MOVE = YES;
				CLANG_WARN_UNGUARDED_AVAILABILITY = YES_AGGRESSIVE;
				CLANG_WARN_UNREACHABLE_CODE = YES;
				CLANG_WARN__DUPLICATE_METHOD_MATCH = YES;
				COPY_PHASE_STRIP = NO;
				DEBUG_INFORMATION_FORMAT = "dwarf-with-dsym";
				ENABLE_NS_ASSERTIONS = NO;
				ENABLE_STRICT_OBJC_MSGSEND = YES;
				ENABLE_USER_SCRIPT_SANDBOXING = YES;
				GCC_C_LANGUAGE_STANDARD = gnu17;
				GCC_NO_COMMON_BLOCKS = YES;
				GCC_WARN_64_TO_32_BIT_CONVERSION = YES;
				GCC_WARN_ABOUT_RETURN_TYPE = YES_ERROR;
				GCC_WARN_UNDECLARED_SELECTOR = YES;
				GCC_WARN_UNINITIALIZED_AUTOS = YES_AGGRESSIVE;
				GCC_WARN_UNUSED_FUNCTION = YES;
				GCC_WARN_UNUSED_VARIABLE = YES;
				IPHONEOS_DEPLOYMENT_TARGET = 17.4;
				LOCALIZATION_PREFERS_STRING_CATALOGS = YES;
				MTL_ENABLE_DEBUG_INFO = NO;
				MTL_FAST_MATH = YES;
				SDKROOT = iphoneos;
				SWIFT_COMPILATION_MODE = wholemodule;
				VALIDATE_PRODUCT = YES;
			};
			name = Release;
		};
		6D54733E2BBFDA880011A6B4 /* Debug */ = {
			isa = XCBuildConfiguration;
			buildSettings = {
				ASSETCATALOG_COMPILER_APPICON_NAME = AppIcon;
				ASSETCATALOG_COMPILER_GLOBAL_ACCENT_COLOR_NAME = AccentColor;
				CODE_SIGN_STYLE = Automatic;
				CURRENT_PROJECT_VERSION = 1;
				DEVELOPMENT_ASSET_PATHS = "\"Africa/Preview Content\"";
				ENABLE_PREVIEWS = YES;
				GENERATE_INFOPLIST_FILE = YES;
				INFOPLIST_FILE = Africa/Info.plist;
				INFOPLIST_KEY_UIApplicationSceneManifest_Generation = YES;
				INFOPLIST_KEY_UIApplicationSupportsIndirectInputEvents = YES;
				INFOPLIST_KEY_UISupportedInterfaceOrientations = UIInterfaceOrientationPortrait;
				INFOPLIST_KEY_UIUserInterfaceStyle = Dark;
				LD_RUNPATH_SEARCH_PATHS = (
					"$(inherited)",
					"@executable_path/Frameworks",
				);
				MARKETING_VERSION = 1.0;
				PRODUCT_BUNDLE_IDENTIFIER = com.mobinahmed.Africa;
				PRODUCT_NAME = "$(TARGET_NAME)";
				SWIFT_EMIT_LOC_STRINGS = YES;
				SWIFT_VERSION = 5.0;
				TARGETED_DEVICE_FAMILY = "1,2";
			};
			name = Debug;
		};
		6D54733F2BBFDA880011A6B4 /* Release */ = {
			isa = XCBuildConfiguration;
			buildSettings = {
				ASSETCATALOG_COMPILER_APPICON_NAME = AppIcon;
				ASSETCATALOG_COMPILER_GLOBAL_ACCENT_COLOR_NAME = AccentColor;
				CODE_SIGN_STYLE = Automatic;
				CURRENT_PROJECT_VERSION = 1;
				DEVELOPMENT_ASSET_PATHS = "\"Africa/Preview Content\"";
				ENABLE_PREVIEWS = YES;
				GENERATE_INFOPLIST_FILE = YES;
				INFOPLIST_FILE = Africa/Info.plist;
				INFOPLIST_KEY_UIApplicationSceneManifest_Generation = YES;
				INFOPLIST_KEY_UIApplicationSupportsIndirectInputEvents = YES;
				INFOPLIST_KEY_UISupportedInterfaceOrientations = UIInterfaceOrientationPortrait;
				INFOPLIST_KEY_UIUserInterfaceStyle = Dark;
				LD_RUNPATH_SEARCH_PATHS = (
					"$(inherited)",
					"@executable_path/Frameworks",
				);
				MARKETING_VERSION = 1.0;
				PRODUCT_BUNDLE_IDENTIFIER = com.mobinahmed.Africa;
				PRODUCT_NAME = "$(TARGET_NAME)";
				SWIFT_EMIT_LOC_STRINGS = YES;
				SWIFT_VERSION = 5.0;
				TARGETED_DEVICE_FAMILY = "1,2";
			};
			name = Release;
		};
/* End XCBuildConfiguration section */

/* Begin XCConfigurationList section */
		6D54732A2BBFDA870011A6B4 /* Build configuration list for PBXProject "Africa" */ = {
			isa = XCConfigurationList;
			buildConfigurations = (
				6D54733B2BBFDA880011A6B4 /* Debug */,
				6D54733C2BBFDA880011A6B4 /* Release */,
			);
			defaultConfigurationIsVisible = 0;
			defaultConfigurationName = Release;
		};
		6D54733D2BBFDA880011A6B4 /* Build configuration list for PBXNativeTarget "Africa" */ = {
			isa = XCConfigurationList;
			buildConfigurations = (
				6D54733E2BBFDA880011A6B4 /* Debug */,
				6D54733F2BBFDA880011A6B4 /* Release */,
			);
			defaultConfigurationIsVisible = 0;
			defaultConfigurationName = Release;
		};
/* End XCConfigurationList section */
	};
	rootObject = 6D5473272BBFDA870011A6B4 /* Project object */;
}
